// !$*UTF8*$!
{
	archiveVersion = 1;
	classes = {
	};
	objectVersion = 50;
	objects = {

/* Begin PBXBuildFile section */
		2DC0C279264A5F1500EF7504 /* AppDelegate.swift in Sources */ = {isa = PBXBuildFile; fileRef = 2DC0C278264A5F1500EF7504 /* AppDelegate.swift */; };
		2DC0C27B264A5F1500EF7504 /* SceneDelegate.swift in Sources */ = {isa = PBXBuildFile; fileRef = 2DC0C27A264A5F1500EF7504 /* SceneDelegate.swift */; };
		2DC0C27D264A5F1500EF7504 /* ViewController.swift in Sources */ = {isa = PBXBuildFile; fileRef = 2DC0C27C264A5F1500EF7504 /* ViewController.swift */; };
		2DC0C280264A5F1500EF7504 /* Main.storyboard in Resources */ = {isa = PBXBuildFile; fileRef = 2DC0C27E264A5F1500EF7504 /* Main.storyboard */; };
		2DC0C282264A5F1800EF7504 /* Assets.xcassets in Resources */ = {isa = PBXBuildFile; fileRef = 2DC0C281264A5F1800EF7504 /* Assets.xcassets */; };
		2DC0C285264A5F1800EF7504 /* LaunchScreen.storyboard in Resources */ = {isa = PBXBuildFile; fileRef = 2DC0C283264A5F1800EF7504 /* LaunchScreen.storyboard */; };
		2DC0C290264A5F1800EF7504 /* QuizTests.swift in Sources */ = {isa = PBXBuildFile; fileRef = 2DC0C28F264A5F1800EF7504 /* QuizTests.swift */; };
		2DC0C29B264A5F1900EF7504 /* QuizUITests.swift in Sources */ = {isa = PBXBuildFile; fileRef = 2DC0C29A264A5F1900EF7504 /* QuizUITests.swift */; };
/* End PBXBuildFile section */

/* Begin PBXContainerItemProxy section */
		2DC0C28C264A5F1800EF7504 /* PBXContainerItemProxy */ = {
			isa = PBXContainerItemProxy;
			containerPortal = 2DC0C26D264A5F1500EF7504 /* Project object */;
			proxyType = 1;
			remoteGlobalIDString = 2DC0C274264A5F1500EF7504;
			remoteInfo = Quiz;
		};
		2DC0C297264A5F1900EF7504 /* PBXContainerItemProxy */ = {
			isa = PBXContainerItemProxy;
			containerPortal = 2DC0C26D264A5F1500EF7504 /* Project object */;
			proxyType = 1;
			remoteGlobalIDString = 2DC0C274264A5F1500EF7504;
			remoteInfo = Quiz;
		};
/* End PBXContainerItemProxy section */

/* Begin PBXFileReference section */
		2DC0C275264A5F1500EF7504 /* Quiz.app */ = {isa = PBXFileReference; explicitFileType = wrapper.application; includeInIndex = 0; path = Quiz.app; sourceTree = BUILT_PRODUCTS_DIR; };
		2DC0C278264A5F1500EF7504 /* AppDelegate.swift */ = {isa = PBXFileReference; lastKnownFileType = sourcecode.swift; path = AppDelegate.swift; sourceTree = "<group>"; };
		2DC0C27A264A5F1500EF7504 /* SceneDelegate.swift */ = {isa = PBXFileReference; lastKnownFileType = sourcecode.swift; path = SceneDelegate.swift; sourceTree = "<group>"; };
		2DC0C27C264A5F1500EF7504 /* ViewController.swift */ = {isa = PBXFileReference; lastKnownFileType = sourcecode.swift; path = ViewController.swift; sourceTree = "<group>"; };
		2DC0C27F264A5F1500EF7504 /* Base */ = {isa = PBXFileReference; lastKnownFileType = file.storyboard; name = Base; path = Base.lproj/Main.storyboard; sourceTree = "<group>"; };
		2DC0C281264A5F1800EF7504 /* Assets.xcassets */ = {isa = PBXFileReference; lastKnownFileType = folder.assetcatalog; path = Assets.xcassets; sourceTree = "<group>"; };
		2DC0C284264A5F1800EF7504 /* Base */ = {isa = PBXFileReference; lastKnownFileType = file.storyboard; name = Base; path = Base.lproj/LaunchScreen.storyboard; sourceTree = "<group>"; };
		2DC0C286264A5F1800EF7504 /* Info.plist */ = {isa = PBXFileReference; lastKnownFileType = text.plist.xml; path = Info.plist; sourceTree = "<group>"; };
		2DC0C28B264A5F1800EF7504 /* QuizTests.xctest */ = {isa = PBXFileReference; explicitFileType = wrapper.cfbundle; includeInIndex = 0; path = QuizTests.xctest; sourceTree = BUILT_PRODUCTS_DIR; };
		2DC0C28F264A5F1800EF7504 /* QuizTests.swift */ = {isa = PBXFileReference; lastKnownFileType = sourcecode.swift; path = QuizTests.swift; sourceTree = "<group>"; };
		2DC0C291264A5F1800EF7504 /* Info.plist */ = {isa = PBXFileReference; lastKnownFileType = text.plist.xml; path = Info.plist; sourceTree = "<group>"; };
		2DC0C296264A5F1900EF7504 /* QuizUITests.xctest */ = {isa = PBXFileReference; explicitFileType = wrapper.cfbundle; includeInIndex = 0; path = QuizUITests.xctest; sourceTree = BUILT_PRODUCTS_DIR; };
		2DC0C29A264A5F1900EF7504 /* QuizUITests.swift */ = {isa = PBXFileReference; lastKnownFileType = sourcecode.swift; path = QuizUITests.swift; sourceTree = "<group>"; };
		2DC0C29C264A5F1900EF7504 /* Info.plist */ = {isa = PBXFileReference; lastKnownFileType = text.plist.xml; path = Info.plist; sourceTree = "<group>"; };
/* End PBXFileReference section */

/* Begin PBXFrameworksBuildPhase section */
		2DC0C272264A5F1500EF7504 /* Frameworks */ = {
			isa = PBXFrameworksBuildPhase;
			buildActionMask = 2147483647;
			files = (
			);
			runOnlyForDeploymentPostprocessing = 0;
		};
		2DC0C288264A5F1800EF7504 /* Frameworks */ = {
			isa = PBXFrameworksBuildPhase;
			buildActionMask = 2147483647;
			files = (
			);
			runOnlyForDeploymentPostprocessing = 0;
		};
		2DC0C293264A5F1900EF7504 /* Frameworks */ = {
			isa = PBXFrameworksBuildPhase;
			buildActionMask = 2147483647;
			files = (
			);
			runOnlyForDeploymentPostprocessing = 0;
		};
/* End PBXFrameworksBuildPhase section */

/* Begin PBXGroup section */
		2DC0C26C264A5F1500EF7504 = {
			isa = PBXGroup;
			children = (
				2DC0C277264A5F1500EF7504 /* Quiz */,
				2DC0C28E264A5F1800EF7504 /* QuizTests */,
				2DC0C299264A5F1900EF7504 /* QuizUITests */,
				2DC0C276264A5F1500EF7504 /* Products */,
			);
			sourceTree = "<group>";
		};
		2DC0C276264A5F1500EF7504 /* Products */ = {
			isa = PBXGroup;
			children = (
				2DC0C275264A5F1500EF7504 /* Quiz.app */,
				2DC0C28B264A5F1800EF7504 /* QuizTests.xctest */,
				2DC0C296264A5F1900EF7504 /* QuizUITests.xctest */,
			);
			name = Products;
			sourceTree = "<group>";
		};
		2DC0C277264A5F1500EF7504 /* Quiz */ = {
			isa = PBXGroup;
			children = (
				2DC0C278264A5F1500EF7504 /* AppDelegate.swift */,
				2DC0C27A264A5F1500EF7504 /* SceneDelegate.swift */,
				2DC0C27C264A5F1500EF7504 /* ViewController.swift */,
				2DC0C27E264A5F1500EF7504 /* Main.storyboard */,
				2DC0C281264A5F1800EF7504 /* Assets.xcassets */,
				2DC0C283264A5F1800EF7504 /* LaunchScreen.storyboard */,
				2DC0C286264A5F1800EF7504 /* Info.plist */,
			);
			path = Quiz;
			sourceTree = "<group>";
		};
		2DC0C28E264A5F1800EF7504 /* QuizTests */ = {
			isa = PBXGroup;
			children = (
				2DC0C28F264A5F1800EF7504 /* QuizTests.swift */,
				2DC0C291264A5F1800EF7504 /* Info.plist */,
			);
			path = QuizTests;
			sourceTree = "<group>";
		};
		2DC0C299264A5F1900EF7504 /* QuizUITests */ = {
			isa = PBXGroup;
			children = (
				2DC0C29A264A5F1900EF7504 /* QuizUITests.swift */,
				2DC0C29C264A5F1900EF7504 /* Info.plist */,
			);
			path = QuizUITests;
			sourceTree = "<group>";
		};
/* End PBXGroup section */

/* Begin PBXNativeTarget section */
		2DC0C274264A5F1500EF7504 /* Quiz */ = {
			isa = PBXNativeTarget;
			buildConfigurationList = 2DC0C29F264A5F1900EF7504 /* Build configuration list for PBXNativeTarget "Quiz" */;
			buildPhases = (
				2DC0C271264A5F1500EF7504 /* Sources */,
				2DC0C272264A5F1500EF7504 /* Frameworks */,
				2DC0C273264A5F1500EF7504 /* Resources */,
			);
			buildRules = (
			);
			dependencies = (
			);
			name = Quiz;
			productName = Quiz;
			productReference = 2DC0C275264A5F1500EF7504 /* Quiz.app */;
			productType = "com.apple.product-type.application";
		};
		2DC0C28A264A5F1800EF7504 /* QuizTests */ = {
			isa = PBXNativeTarget;
			buildConfigurationList = 2DC0C2A2264A5F1900EF7504 /* Build configuration list for PBXNativeTarget "QuizTests" */;
			buildPhases = (
				2DC0C287264A5F1800EF7504 /* Sources */,
				2DC0C288264A5F1800EF7504 /* Frameworks */,
				2DC0C289264A5F1800EF7504 /* Resources */,
			);
			buildRules = (
			);
			dependencies = (
				2DC0C28D264A5F1800EF7504 /* PBXTargetDependency */,
			);
			name = QuizTests;
			productName = QuizTests;
			productReference = 2DC0C28B264A5F1800EF7504 /* QuizTests.xctest */;
			productType = "com.apple.product-type.bundle.unit-test";
		};
		2DC0C295264A5F1900EF7504 /* QuizUITests */ = {
			isa = PBXNativeTarget;
			buildConfigurationList = 2DC0C2A5264A5F1900EF7504 /* Build configuration list for PBXNativeTarget "QuizUITests" */;
			buildPhases = (
				2DC0C292264A5F1900EF7504 /* Sources */,
				2DC0C293264A5F1900EF7504 /* Frameworks */,
				2DC0C294264A5F1900EF7504 /* Resources */,
			);
			buildRules = (
			);
			dependencies = (
				2DC0C298264A5F1900EF7504 /* PBXTargetDependency */,
			);
			name = QuizUITests;
			productName = QuizUITests;
			productReference = 2DC0C296264A5F1900EF7504 /* QuizUITests.xctest */;
			productType = "com.apple.product-type.bundle.ui-testing";
		};
/* End PBXNativeTarget section */

/* Begin PBXProject section */
		2DC0C26D264A5F1500EF7504 /* Project object */ = {
			isa = PBXProject;
			attributes = {
				LastSwiftUpdateCheck = 1250;
				LastUpgradeCheck = 1250;
				TargetAttributes = {
					2DC0C274264A5F1500EF7504 = {
						CreatedOnToolsVersion = 12.5;
					};
					2DC0C28A264A5F1800EF7504 = {
						CreatedOnToolsVersion = 12.5;
						TestTargetID = 2DC0C274264A5F1500EF7504;
					};
					2DC0C295264A5F1900EF7504 = {
						CreatedOnToolsVersion = 12.5;
						TestTargetID = 2DC0C274264A5F1500EF7504;
					};
				};
			};
			buildConfigurationList = 2DC0C270264A5F1500EF7504 /* Build configuration list for PBXProject "Quiz" */;
			compatibilityVersion = "Xcode 9.3";
			developmentRegion = en;
			hasScannedForEncodings = 0;
			knownRegions = (
				en,
				Base,
			);
			mainGroup = 2DC0C26C264A5F1500EF7504;
			productRefGroup = 2DC0C276264A5F1500EF7504 /* Products */;
			projectDirPath = "";
			projectRoot = "";
			targets = (
				2DC0C274264A5F1500EF7504 /* Quiz */,
				2DC0C28A264A5F1800EF7504 /* QuizTests */,
				2DC0C295264A5F1900EF7504 /* QuizUITests */,
			);
		};
/* End PBXProject section */

/* Begin PBXResourcesBuildPhase section */
		2DC0C273264A5F1500EF7504 /* Resources */ = {
			isa = PBXResourcesBuildPhase;
			buildActionMask = 2147483647;
			files = (
				2DC0C285264A5F1800EF7504 /* LaunchScreen.storyboard in Resources */,
				2DC0C282264A5F1800EF7504 /* Assets.xcassets in Resources */,
				2DC0C280264A5F1500EF7504 /* Main.storyboard in Resources */,
			);
			runOnlyForDeploymentPostprocessing = 0;
		};
		2DC0C289264A5F1800EF7504 /* Resources */ = {
			isa = PBXResourcesBuildPhase;
			buildActionMask = 2147483647;
			files = (
			);
			runOnlyForDeploymentPostprocessing = 0;
		};
		2DC0C294264A5F1900EF7504 /* Resources */ = {
			isa = PBXResourcesBuildPhase;
			buildActionMask = 2147483647;
			files = (
			);
			runOnlyForDeploymentPostprocessing = 0;
		};
/* End PBXResourcesBuildPhase section */

/* Begin PBXSourcesBuildPhase section */
		2DC0C271264A5F1500EF7504 /* Sources */ = {
			isa = PBXSourcesBuildPhase;
			buildActionMask = 2147483647;
			files = (
				2DC0C27D264A5F1500EF7504 /* ViewController.swift in Sources */,
				2DC0C279264A5F1500EF7504 /* AppDelegate.swift in Sources */,
				2DC0C27B264A5F1500EF7504 /* SceneDelegate.swift in Sources */,
			);
			runOnlyForDeploymentPostprocessing = 0;
		};
		2DC0C287264A5F1800EF7504 /* Sources */ = {
			isa = PBXSourcesBuildPhase;
			buildActionMask = 2147483647;
			files = (
				2DC0C290264A5F1800EF7504 /* QuizTests.swift in Sources */,
			);
			runOnlyForDeploymentPostprocessing = 0;
		};
		2DC0C292264A5F1900EF7504 /* Sources */ = {
			isa = PBXSourcesBuildPhase;
			buildActionMask = 2147483647;
			files = (
				2DC0C29B264A5F1900EF7504 /* QuizUITests.swift in Sources */,
			);
			runOnlyForDeploymentPostprocessing = 0;
		};
/* End PBXSourcesBuildPhase section */

/* Begin PBXTargetDependency section */
		2DC0C28D264A5F1800EF7504 /* PBXTargetDependency */ = {
			isa = PBXTargetDependency;
			target = 2DC0C274264A5F1500EF7504 /* Quiz */;
			targetProxy = 2DC0C28C264A5F1800EF7504 /* PBXContainerItemProxy */;
		};
		2DC0C298264A5F1900EF7504 /* PBXTargetDependency */ = {
			isa = PBXTargetDependency;
			target = 2DC0C274264A5F1500EF7504 /* Quiz */;
			targetProxy = 2DC0C297264A5F1900EF7504 /* PBXContainerItemProxy */;
		};
/* End PBXTargetDependency section */

/* Begin PBXVariantGroup section */
		2DC0C27E264A5F1500EF7504 /* Main.storyboard */ = {
			isa = PBXVariantGroup;
			children = (
				2DC0C27F264A5F1500EF7504 /* Base */,
			);
			name = Main.storyboard;
			sourceTree = "<group>";
		};
		2DC0C283264A5F1800EF7504 /* LaunchScreen.storyboard */ = {
			isa = PBXVariantGroup;
			children = (
				2DC0C284264A5F1800EF7504 /* Base */,
			);
			name = LaunchScreen.storyboard;
			sourceTree = "<group>";
		};
/* End PBXVariantGroup section */

/* Begin XCBuildConfiguration section */
		2DC0C29D264A5F1900EF7504 /* Debug */ = {
			isa = XCBuildConfiguration;
			buildSettings = {
				ALWAYS_SEARCH_USER_PATHS = NO;
				CLANG_ANALYZER_NONNULL = YES;
				CLANG_ANALYZER_NUMBER_OBJECT_CONVERSION = YES_AGGRESSIVE;
				CLANG_CXX_LANGUAGE_STANDARD = "gnu++14";
				CLANG_CXX_LIBRARY = "libc++";
				CLANG_ENABLE_MODULES = YES;
				CLANG_ENABLE_OBJC_ARC = YES;
				CLANG_ENABLE_OBJC_WEAK = YES;
				CLANG_WARN_BLOCK_CAPTURE_AUTORELEASING = YES;
				CLANG_WARN_BOOL_CONVERSION = YES;
				CLANG_WARN_COMMA = YES;
				CLANG_WARN_CONSTANT_CONVERSION = YES;
				CLANG_WARN_DEPRECATED_OBJC_IMPLEMENTATIONS = YES;
				CLANG_WARN_DIRECT_OBJC_ISA_USAGE = YES_ERROR;
				CLANG_WARN_DOCUMENTATION_COMMENTS = YES;
				CLANG_WARN_EMPTY_BODY = YES;
				CLANG_WARN_ENUM_CONVERSION = YES;
				CLANG_WARN_INFINITE_RECURSION = YES;
				CLANG_WARN_INT_CONVERSION = YES;
				CLANG_WARN_NON_LITERAL_NULL_CONVERSION = YES;
				CLANG_WARN_OBJC_IMPLICIT_RETAIN_SELF = YES;
				CLANG_WARN_OBJC_LITERAL_CONVERSION = YES;
				CLANG_WARN_OBJC_ROOT_CLASS = YES_ERROR;
				CLANG_WARN_QUOTED_INCLUDE_IN_FRAMEWORK_HEADER = YES;
				CLANG_WARN_RANGE_LOOP_ANALYSIS = YES;
				CLANG_WARN_STRICT_PROTOTYPES = YES;
				CLANG_WARN_SUSPICIOUS_MOVE = YES;
				CLANG_WARN_UNGUARDED_AVAILABILITY = YES_AGGRESSIVE;
				CLANG_WARN_UNREACHABLE_CODE = YES;
				CLANG_WARN__DUPLICATE_METHOD_MATCH = YES;
				COPY_PHASE_STRIP = NO;
				DEBUG_INFORMATION_FORMAT = dwarf;
				ENABLE_STRICT_OBJC_MSGSEND = YES;
				ENABLE_TESTABILITY = YES;
				GCC_C_LANGUAGE_STANDARD = gnu11;
				GCC_DYNAMIC_NO_PIC = NO;
				GCC_NO_COMMON_BLOCKS = YES;
				GCC_OPTIMIZATION_LEVEL = 0;
				GCC_PREPROCESSOR_DEFINITIONS = (
					"DEBUG=1",
					"$(inherited)",
				);
				GCC_WARN_64_TO_32_BIT_CONVERSION = YES;
				GCC_WARN_ABOUT_RETURN_TYPE = YES_ERROR;
				GCC_WARN_UNDECLARED_SELECTOR = YES;
				GCC_WARN_UNINITIALIZED_AUTOS = YES_AGGRESSIVE;
				GCC_WARN_UNUSED_FUNCTION = YES;
				GCC_WARN_UNUSED_VARIABLE = YES;
				IPHONEOS_DEPLOYMENT_TARGET = 14.5;
				MTL_ENABLE_DEBUG_INFO = INCLUDE_SOURCE;
				MTL_FAST_MATH = YES;
				ONLY_ACTIVE_ARCH = YES;
				SDKROOT = iphoneos;
				SWIFT_ACTIVE_COMPILATION_CONDITIONS = DEBUG;
				SWIFT_OPTIMIZATION_LEVEL = "-Onone";
			};
			name = Debug;
		};
		2DC0C29E264A5F1900EF7504 /* Release */ = {
			isa = XCBuildConfiguration;
			buildSettings = {
				ALWAYS_SEARCH_USER_PATHS = NO;
				CLANG_ANALYZER_NONNULL = YES;
				CLANG_ANALYZER_NUMBER_OBJECT_CONVERSION = YES_AGGRESSIVE;
				CLANG_CXX_LANGUAGE_STANDARD = "gnu++14";
				CLANG_CXX_LIBRARY = "libc++";
				CLANG_ENABLE_MODULES = YES;
				CLANG_ENABLE_OBJC_ARC = YES;
				CLANG_ENABLE_OBJC_WEAK = YES;
				CLANG_WARN_BLOCK_CAPTURE_AUTORELEASING = YES;
				CLANG_WARN_BOOL_CONVERSION = YES;
				CLANG_WARN_COMMA = YES;
				CLANG_WARN_CONSTANT_CONVERSION = YES;
				CLANG_WARN_DEPRECATED_OBJC_IMPLEMENTATIONS = YES;
				CLANG_WARN_DIRECT_OBJC_ISA_USAGE = YES_ERROR;
				CLANG_WARN_DOCUMENTATION_COMMENTS = YES;
				CLANG_WARN_EMPTY_BODY = YES;
				CLANG_WARN_ENUM_CONVERSION = YES;
				CLANG_WARN_INFINITE_RECURSION = YES;
				CLANG_WARN_INT_CONVERSION = YES;
				CLANG_WARN_NON_LITERAL_NULL_CONVERSION = YES;
				CLANG_WARN_OBJC_IMPLICIT_RETAIN_SELF = YES;
				CLANG_WARN_OBJC_LITERAL_CONVERSION = YES;
				CLANG_WARN_OBJC_ROOT_CLASS = YES_ERROR;
				CLANG_WARN_QUOTED_INCLUDE_IN_FRAMEWORK_HEADER = YES;
				CLANG_WARN_RANGE_LOOP_ANALYSIS = YES;
				CLANG_WARN_STRICT_PROTOTYPES = YES;
				CLANG_WARN_SUSPICIOUS_MOVE = YES;
				CLANG_WARN_UNGUARDED_AVAILABILITY = YES_AGGRESSIVE;
				CLANG_WARN_UNREACHABLE_CODE = YES;
				CLANG_WARN__DUPLICATE_METHOD_MATCH = YES;
				COPY_PHASE_STRIP = NO;
				DEBUG_INFORMATION_FORMAT = "dwarf-with-dsym";
				ENABLE_NS_ASSERTIONS = NO;
				ENABLE_STRICT_OBJC_MSGSEND = YES;
				GCC_C_LANGUAGE_STANDARD = gnu11;
				GCC_NO_COMMON_BLOCKS = YES;
				GCC_WARN_64_TO_32_BIT_CONVERSION = YES;
				GCC_WARN_ABOUT_RETURN_TYPE = YES_ERROR;
				GCC_WARN_UNDECLARED_SELECTOR = YES;
				GCC_WARN_UNINITIALIZED_AUTOS = YES_AGGRESSIVE;
				GCC_WARN_UNUSED_FUNCTION = YES;
				GCC_WARN_UNUSED_VARIABLE = YES;
				IPHONEOS_DEPLOYMENT_TARGET = 14.5;
				MTL_ENABLE_DEBUG_INFO = NO;
				MTL_FAST_MATH = YES;
				SDKROOT = iphoneos;
				SWIFT_COMPILATION_MODE = wholemodule;
				SWIFT_OPTIMIZATION_LEVEL = "-O";
				VALIDATE_PRODUCT = YES;
			};
			name = Release;
		};
		2DC0C2A0264A5F1900EF7504 /* Debug */ = {
			isa = XCBuildConfiguration;
			buildSettings = {
				ASSETCATALOG_COMPILER_APPICON_NAME = AppIcon;
				ASSETCATALOG_COMPILER_GLOBAL_ACCENT_COLOR_NAME = AccentColor;
				CODE_SIGN_STYLE = Automatic;
				INFOPLIST_FILE = Quiz/Info.plist;
				IPHONEOS_DEPLOYMENT_TARGET = 14.1;
				LD_RUNPATH_SEARCH_PATHS = (
					"$(inherited)",
					"@executable_path/Frameworks",
				);
				PRODUCT_BUNDLE_IDENTIFIER = app.igeta.igechan.Quiz;
				PRODUCT_NAME = "$(TARGET_NAME)";
				SWIFT_VERSION = 5.0;
				TARGETED_DEVICE_FAMILY = "1,2";
			};
			name = Debug;
		};
		2DC0C2A1264A5F1900EF7504 /* Release */ = {
			isa = XCBuildConfiguration;
			buildSettings = {
				ASSETCATALOG_COMPILER_APPICON_NAME = AppIcon;
				ASSETCATALOG_COMPILER_GLOBAL_ACCENT_COLOR_NAME = AccentColor;
				CODE_SIGN_STYLE = Automatic;
				INFOPLIST_FILE = Quiz/Info.plist;
				IPHONEOS_DEPLOYMENT_TARGET = 14.1;
				LD_RUNPATH_SEARCH_PATHS = (
					"$(inherited)",
					"@executable_path/Frameworks",
				);
				PRODUCT_BUNDLE_IDENTIFIER = app.igeta.igechan.Quiz;
				PRODUCT_NAME = "$(TARGET_NAME)";
				SWIFT_VERSION = 5.0;
				TARGETED_DEVICE_FAMILY = "1,2";
			};
			name = Release;
		};
		2DC0C2A3264A5F1900EF7504 /* Debug */ = {
			isa = XCBuildConfiguration;
			buildSettings = {
				ALWAYS_EMBED_SWIFT_STANDARD_LIBRARIES = YES;
				BUNDLE_LOADER = "$(TEST_HOST)";
				CODE_SIGN_STYLE = Automatic;
				INFOPLIST_FILE = QuizTests/Info.plist;
				IPHONEOS_DEPLOYMENT_TARGET = 14.5;
				LD_RUNPATH_SEARCH_PATHS = (
					"$(inherited)",
					"@executable_path/Frameworks",
					"@loader_path/Frameworks",
				);
				PRODUCT_BUNDLE_IDENTIFIER = app.igeta.igechan.QuizTests;
				PRODUCT_NAME = "$(TARGET_NAME)";
				SWIFT_VERSION = 5.0;
				TARGETED_DEVICE_FAMILY = "1,2";
				TEST_HOST = "$(BUILT_PRODUCTS_DIR)/Quiz.app/Quiz";
			};
			name = Debug;
		};
		2DC0C2A4264A5F1900EF7504 /* Release */ = {
			isa = XCBuildConfiguration;
			buildSettings = {
				ALWAYS_EMBED_SWIFT_STANDARD_LIBRARIES = YES;
				BUNDLE_LOADER = "$(TEST_HOST)";
				CODE_SIGN_STYLE = Automatic;
				INFOPLIST_FILE = QuizTests/Info.plist;
				IPHONEOS_DEPLOYMENT_TARGET = 14.5;
				LD_RUNPATH_SEARCH_PATHS = (
					"$(inherited)",
					"@executable_path/Frameworks",
					"@loader_path/Frameworks",
				);
				PRODUCT_BUNDLE_IDENTIFIER = app.igeta.igechan.QuizTests;
				PRODUCT_NAME = "$(TARGET_NAME)";
				SWIFT_VERSION = 5.0;
				TARGETED_DEVICE_FAMILY = "1,2";
				TEST_HOST = "$(BUILT_PRODUCTS_DIR)/Quiz.app/Quiz";
			};
			name = Release;
		};
		2DC0C2A6264A5F1900EF7504 /* Debug */ = {
			isa = XCBuildConfiguration;
			buildSettings = {
				ALWAYS_EMBED_SWIFT_STANDARD_LIBRARIES = YES;
				CODE_SIGN_STYLE = Automatic;
				INFOPLIST_FILE = QuizUITests/Info.plist;
				LD_RUNPATH_SEARCH_PATHS = (
					"$(inherited)",
					"@executable_path/Frameworks",
					"@loader_path/Frameworks",
				);
				PRODUCT_BUNDLE_IDENTIFIER = app.igeta.igechan.QuizUITests;
				PRODUCT_NAME = "$(TARGET_NAME)";
				SWIFT_VERSION = 5.0;
				TARGETED_DEVICE_FAMILY = "1,2";
				TEST_TARGET_NAME = Quiz;
			};
			name = Debug;
		};
		2DC0C2A7264A5F1900EF7504 /* Release */ = {
			isa = XCBuildConfiguration;
			buildSettings = {
				ALWAYS_EMBED_SWIFT_STANDARD_LIBRARIES = YES;
				CODE_SIGN_STYLE = Automatic;
				INFOPLIST_FILE = QuizUITests/Info.plist;
				LD_RUNPATH_SEARCH_PATHS = (
					"$(inherited)",
					"@executable_path/Frameworks",
					"@loader_path/Frameworks",
				);
				PRODUCT_BUNDLE_IDENTIFIER = app.igeta.igechan.QuizUITests;
				PRODUCT_NAME = "$(TARGET_NAME)";
				SWIFT_VERSION = 5.0;
				TARGETED_DEVICE_FAMILY = "1,2";
				TEST_TARGET_NAME = Quiz;
			};
			name = Release;
		};
/* End XCBuildConfiguration section */

/* Begin XCConfigurationList section */
		2DC0C270264A5F1500EF7504 /* Build configuration list for PBXProject "Quiz" */ = {
			isa = XCConfigurationList;
			buildConfigurations = (
				2DC0C29D264A5F1900EF7504 /* Debug */,
				2DC0C29E264A5F1900EF7504 /* Release */,
			);
			defaultConfigurationIsVisible = 0;
			defaultConfigurationName = Release;
		};
		2DC0C29F264A5F1900EF7504 /* Build configuration list for PBXNativeTarget "Quiz" */ = {
			isa = XCConfigurationList;
			buildConfigurations = (
				2DC0C2A0264A5F1900EF7504 /* Debug */,
				2DC0C2A1264A5F1900EF7504 /* Release */,
			);
			defaultConfigurationIsVisible = 0;
			defaultConfigurationName = Release;
		};
		2DC0C2A2264A5F1900EF7504 /* Build configuration list for PBXNativeTarget "QuizTests" */ = {
			isa = XCConfigurationList;
			buildConfigurations = (
				2DC0C2A3264A5F1900EF7504 /* Debug */,
				2DC0C2A4264A5F1900EF7504 /* Release */,
			);
			defaultConfigurationIsVisible = 0;
			defaultConfigurationName = Release;
		};
		2DC0C2A5264A5F1900EF7504 /* Build configuration list for PBXNativeTarget "QuizUITests" */ = {
			isa = XCConfigurationList;
			buildConfigurations = (
				2DC0C2A6264A5F1900EF7504 /* Debug */,
				2DC0C2A7264A5F1900EF7504 /* Release */,
			);
			defaultConfigurationIsVisible = 0;
			defaultConfigurationName = Release;
		};
/* End XCConfigurationList section */
	};
	rootObject = 2DC0C26D264A5F1500EF7504 /* Project object */;
}
